
Microsoft Visual Studio Solution File, Format Version 12.00
# Visual Studio Version 16
VisualStudioVersion = 16.0.29123.88
MinimumVisualStudioVersion = 10.0.40219.1
Project("{FAE04EC0-301F-11D3-BF4B-00C04F79EFBC}") = "AreaPerimeter", "AreaPerimeter\AreaPerimeter.csproj", "{90247279-DD37-4263-8A33-B7516F2C356E}"
EndProject
Global
	GlobalSection(SolutionConfigurationPlatforms) = preSolution
		Debug|Any CPU = Debug|Any CPU
		Release|Any CPU = Release|Any CPU
	EndGlobalSection
	GlobalSection(ProjectConfigurationPlatforms) = postSolution
		{90247279-DD37-4263-8A33-B7516F2C356E}.Debug|Any CPU.ActiveCfg = Debug|Any CPU
		{90247279-DD37-4263-8A33-B7516F2C356E}.Debug|Any CPU.Build.0 = Debug|Any CPU
		{90247279-DD37-4263-8A33-B7516F2C356E}.Release|Any CPU.ActiveCfg = Release|Any CPU
		{90247279-DD37-4263-8A33-B7516F2C356E}.Release|Any CPU.Build.0 = Release|Any CPU
	EndGlobalSection
	GlobalSection(SolutionProperties) = preSolution
		HideSolutionNode = FALSE
	EndGlobalSection
	GlobalSection(ExtensibilityGlobals) = postSolution
		SolutionGuid = {D2D7D1DD-36A7-49E0-AD61-1E14C830FE94}
	EndGlobalSection
EndGlobal
